# This file is autogenerated, do not edit; changes may be undone by the next 'dep ensure'.


[[projects]]
  digest = "1:2cd7915ab26ede7d95b8749e6b1f933f1c6d5398030684e6505940a10f31cfda"
  name = "github.com/ghodss/yaml"
  packages = ["."]
  pruneopts = "UT"
  revision = "0ca9ea5df5451ffdf184b4428c902747c2c11cd7"
  version = "v1.0.0"

[[projects]]
  digest = "1:582e25eccee928dc12416ea4c23b6dae8f3b5687730632aa1473ebebe80a2359"
  name = "github.com/gogo/protobuf"
  packages = [
    "proto",
    "sortkeys",
  ]
  pruneopts = "UT"
  revision = "5628607bb4c51c3157aacc3a50f0ab707582b805"
  version = "v1.3.1"

[[projects]]
  branch = "master"
  digest = "1:1ba1d79f2810270045c328ae5d674321db34e3aae468eb4233883b473c5c0467"
  name = "github.com/golang/glog"
  packages = ["."]
  pruneopts = "UT"
  revision = "23def4e6c14b4da8ac2ed8007337bc5eb5007998"

[[projects]]
  digest = "1:7ade0e7351787347d3dd3456abb365fd71ea75c19a859505e6a427064e1f9e42"
  name = "github.com/golang/protobuf"
  packages = [
    "proto",
    "protoc-gen-go/descriptor",
    "ptypes",
    "ptypes/any",
    "ptypes/duration",
    "ptypes/timestamp",
  ]
  pruneopts = "UT"
  revision = "6c65a5562fc06764971b7c5d05c76c75e84bdbf7"
  version = "v1.3.2"

[[projects]]
  digest = "1:0bfbe13936953a98ae3cfe8ed6670d396ad81edf069a806d2f6515d7bb6950df"
  name = "github.com/google/btree"
  packages = ["."]
  pruneopts = "UT"
  revision = "4030bb1f1f0c35b30ca7009e9ebd06849dd45306"
  version = "v1.0.0"

[[projects]]
  digest = "1:a6181aca1fd5e27103f9a920876f29ac72854df7345a39f3b01e61c8c94cc8af"
  name = "github.com/google/gofuzz"
  packages = ["."]
  pruneopts = "UT"
  revision = "f140a6486e521aad38f5917de355cbf147cc0496"
  version = "v1.0.0"

[[projects]]
  digest = "1:ca4524b4855ded427c7003ec903a5c854f37e7b1e8e2a93277243462c5b753a8"
  name = "github.com/googleapis/gnostic"
  packages = [
    "OpenAPIv2",
    "compiler",
    "extensions",
  ]
  pruneopts = "UT"
  revision = "ab0dd09aa10e2952b28e12ecd35681b20463ebab"
  version = "v0.3.1"

[[projects]]
  branch = "master"
  digest = "1:5fc0e23b254a1bd7d8d2d42fa093ba33471d08f52fe04afd3713adabb5888dc3"
  name = "github.com/gregjones/httpcache"
  packages = [
    ".",
    "diskcache",
  ]
  pruneopts = "UT"
  revision = "901d90724c7919163f472a9812253fb26761123d"

[[projects]]
  digest = "1:a1038ef593beb4771c8f0f9c26e8b00410acd800af5c6864651d9bf160ea1813"
  name = "github.com/hpcloud/tail"
  packages = [
    ".",
    "ratelimiter",
    "util",
    "watch",
    "winfile",
  ]
  pruneopts = "UT"
  revision = "a30252cb686a21eb2d0b98132633053ec2f7f1e5"
  version = "v1.0.0"

[[projects]]
  digest = "1:78d28d5b84a26159c67ea51996a230da4bc07cac648adaae1dfb5fc0ec8e40d3"
  name = "github.com/imdario/mergo"
  packages = ["."]
  pruneopts = "UT"
  revision = "1afb36080aec31e0d1528973ebe6721b191b0369"
  version = "v0.3.8"

[[projects]]
  digest = "1:870d441fe217b8e689d7949fef6e43efbc787e50f200cb1e70dbca9204a1d6be"
  name = "github.com/inconshreveable/mousetrap"
  packages = ["."]
  pruneopts = "UT"
  revision = "76626ae9c91c4f2a10f34cad8ce83ea42c93bb75"
  version = "v1.0"

[[projects]]
  digest = "1:beb5b4f42a25056f0aa291b5eadd21e2f2903a05d15dfe7caf7eaee7e12fa972"
  name = "github.com/json-iterator/go"
  packages = ["."]
  pruneopts = "UT"
  revision = "03217c3e97663914aec3faafde50d081f197a0a2"
  version = "v1.1.8"

[[projects]]
  digest = "1:33422d238f147d247752996a26574ac48dcf472976eda7f5134015f06bf16563"
  name = "github.com/modern-go/concurrent"
  packages = ["."]
  pruneopts = "UT"
  revision = "bacd9c7ef1dd9b15be4a9909b8ac7a4e313eec94"
  version = "1.0.3"

[[projects]]
  digest = "1:e32bdbdb7c377a07a9a46378290059822efdce5c8d96fe71940d87cb4f918855"
  name = "github.com/modern-go/reflect2"
  packages = ["."]
  pruneopts = "UT"
  revision = "4b7aa43c6742a2c18fdef89dd197aaae7dac7ccd"
  version = "1.0.1"

[[projects]]
  digest = "1:a12ca43cb47c3f7512757a41ec84c63e449e0df198a34199f8eb368992da7113"
  name = "github.com/nalej/derrors"
  packages = ["."]
  pruneopts = "UT"
  revision = "bfc722761e86fbac74fae4f43db51901a538b72a"
  version = "v2.1.0"

[[projects]]
  digest = "1:02590ae46428430e9a12278183290144fc45a12ba1ffb608cbaa2ff1c449240d"
  name = "github.com/nalej/grpc-account-go"
  packages = ["."]
  pruneopts = "UT"
  revision = "c3d0ce01c6e9d92500fc87bae6c872cf97faf020"
  version = "v0.0.3"

[[projects]]
  digest = "1:77d384bde6be408df8d64643e301b5117247bb15cd58b5e555c238b035c855f9"
  name = "github.com/nalej/grpc-authx-go"
  packages = ["."]
  pruneopts = "UT"
  revision = "f4d46e01b91a5ecfe20c0d28ecfa6df3aa984f5d"
  version = "v0.0.54"

[[projects]]
  digest = "1:bfdcc9fecc93209e8571fbc3df0899fe1bc89337783871809b85b9fe96888c61"
  name = "github.com/nalej/grpc-cluster-watcher-go"
  packages = ["."]
  pruneopts = "UT"
  revision = "b3113b81356f3366b4d4534fc4bb821f1c784ae9"
  version = "v0.0.8"

[[projects]]
  digest = "1:b793a50fd44619577e16c28e583b8c52673f7773c33a30fa1f50489cd6141a00"
  name = "github.com/nalej/grpc-common-go"
  packages = ["."]
  pruneopts = "UT"
  revision = "d02eb70448043301ca2f70a17abd4c306d0194e9"
  version = "v0.0.36"

[[projects]]
  digest = "1:2e5ebf343c8192a63875be693a2a910158dd85bd49f4d4f1bafe263bc01dab3c"
  name = "github.com/nalej/grpc-connectivity-manager-go"
  packages = ["."]
  pruneopts = "UT"
  revision = "506a8e19e5f0c5d7d83bd08d473c1ae07439a310"
  version = "v0.0.4"

[[projects]]
  digest = "1:c90a5f65260f06d45249fae0fd5de66ffdfcd77037b436e65f1051afc42972af"
  name = "github.com/nalej/grpc-device-go"
  packages = ["."]
  pruneopts = "UT"
  revision = "d89c6434d8647a6d36c6fa61637c09ff701a0b28"
  version = "v0.0.39"

[[projects]]
  digest = "1:e97ff7e119449d0420156ca473600e72eacca02f0f87d3618a14a651ad9a04b1"
  name = "github.com/nalej/grpc-infrastructure-go"
  packages = ["."]
  pruneopts = "UT"
  revision = "f531d00353efc5e3ca00391c7f404e454e3b42cd"
  version = "v0.0.48"

[[projects]]
  digest = "1:f0fe5afc2d7c04261a541ef9f8a4db8958a763b59a1cd032232f3d32a8f120bb"
  name = "github.com/nalej/grpc-installer-go"
  packages = ["."]
  pruneopts = "UT"
  revision = "7cd49079def97f0ad772d0a779819b8b6be9fa66"
  version = "v0.0.37"

[[projects]]
  digest = "1:cfd28c412a1d5db16a692af68dd83a33308c93f62ec5cc5b6010961f9179d12d"
  name = "github.com/nalej/grpc-inventory-go"
  packages = ["."]
  pruneopts = "UT"
  revision = "6e8e4092a118915cf8c4badf14b409ab90ec5f65"
  version = "v0.0.31"

[[projects]]
  digest = "1:ab0df85bcc96d7df9f36cd204bd43f2fbbd09830f585e7db93b41505f24a510b"
  name = "github.com/nalej/grpc-organization-go"
  packages = ["."]
  pruneopts = "UT"
  revision = "01b7464c151b4c0fe3772516e58552f8ae8ddc9f"
  version = "v0.0.30"

[[projects]]
  digest = "1:9cbda260eae5f9f8acc29830c1f908b8dac83a125cf9bf51b68fc989e676eba7"
  name = "github.com/nalej/grpc-project-go"
  packages = ["."]
  pruneopts = "UT"
  revision = "e4e5c1fb72cc23bdc744a04659c41d937b1eed31"
  version = "v0.0.3"

[[projects]]
  digest = "1:20926833e082e1d97986a2cea63a491f6bbf87569e021dfaaa7eed5497b5a042"
  name = "github.com/nalej/grpc-user-go"
  packages = ["."]
  pruneopts = "UT"
  revision = "698c351ad5637388b817eb09b823876ce93f1f88"
  version = "v0.0.33"

[[projects]]
  digest = "1:d38f726431e1fa0434105958dd034c5cd9863d4625fd5dfbe49aee82c77a9bef"
  name = "github.com/nalej/grpc-user-manager-go"
  packages = ["."]
  pruneopts = "UT"
  revision = "6884f008f95e3cf9912d3d0bd0085d988fa11225"
  version = "v0.0.29"

[[projects]]
  digest = "1:b8af9f5eca6a9247765db9757fdd0ae2f03fe9ee0b58242bcd0baa7f1794a5d7"
  name = "github.com/nalej/grpc-utils"
  packages = [
    "pkg/conversions",
    "pkg/test",
  ]
  pruneopts = "UT"
  revision = "f47f46a9b4002710e515fe04b3287585e1736a3f"
  version = "v1.5.0"

[[projects]]
  digest = "1:51766ddcba65b7f0eece2906249d7603970959ba0f1011b72037485044339ece"
  name = "github.com/onsi/ginkgo"
  packages = [
    ".",
    "config",
    "internal/codelocation",
    "internal/containernode",
    "internal/failer",
    "internal/leafnodes",
    "internal/remote",
    "internal/spec",
    "internal/spec_iterator",
    "internal/specrunner",
    "internal/suite",
    "internal/testingtproxy",
    "internal/writer",
    "reporters",
    "reporters/stenographer",
    "reporters/stenographer/support/go-colorable",
    "reporters/stenographer/support/go-isatty",
    "types",
  ]
  pruneopts = "UT"
  revision = "ce5d301e555bb672c693c099ba6ca5087b06c0b4"
  version = "v1.10.3"

[[projects]]
  digest = "1:7e57cd10c5424b2abf91f29354796a2468720396419585fef5a2d346c5a0f24d"
  name = "github.com/onsi/gomega"
  packages = [
    ".",
    "format",
    "internal/assertion",
    "internal/asyncassertion",
    "internal/oraclematcher",
    "internal/testingtsupport",
    "matchers",
    "matchers/support/goraph/bipartitegraph",
    "matchers/support/goraph/edge",
    "matchers/support/goraph/node",
    "matchers/support/goraph/util",
    "types",
  ]
  pruneopts = "UT"
  revision = "f9a52764bd5a0fd2d201bcca584351d03b72f8da"
  version = "v1.7.1"

[[projects]]
  branch = "master"
  digest = "1:89da0f0574bc94cfd0ac8b59af67bf76cdd110d503df2721006b9f0492394333"
  name = "github.com/petar/GoLLRB"
  packages = ["llrb"]
  pruneopts = "UT"
  revision = "33fb24c13b99c46c93183c291836c573ac382536"

[[projects]]
  digest = "1:a8c2725121694dfbf6d552fb86fe6b46e3e7135ea05db580c28695b916162aad"
  name = "github.com/peterbourgon/diskv"
  packages = ["."]
  pruneopts = "UT"
  revision = "0be1b92a6df0e4f5cb0a5d15fb7f643d0ad93ce6"
  version = "v3.0.0"

[[projects]]
  digest = "1:da2217f77d96b187c69f48d4401dc566e4346aff96e8f4e0f646537d6413a02b"
  name = "github.com/rs/zerolog"
  packages = [
    ".",
    "internal/cbor",
    "internal/json",
    "log",
  ]
  pruneopts = "UT"
  revision = "f1dd50b8c64d79be1392edf1d8fda5cedea4916d"
  version = "v1.17.2"

[[projects]]
  digest = "1:274f67cb6fed9588ea2521ecdac05a6d62a8c51c074c1fccc6a49a40ba80e925"
  name = "github.com/satori/go.uuid"
  packages = ["."]
  pruneopts = "UT"
  revision = "f58768cc1a7a7e77a3bd49e98cdd21419399b6a3"
  version = "v1.2.0"

[[projects]]
  digest = "1:e096613fb7cf34743d49af87d197663cfccd61876e2219853005a57baedfa562"
  name = "github.com/spf13/cobra"
  packages = ["."]
  pruneopts = "UT"
  revision = "f2b07da1e2c38d5f12845a4f607e2e1018cbb1f5"
  version = "v0.0.5"

[[projects]]
  digest = "1:524b71991fc7d9246cc7dc2d9e0886ccb97648091c63e30eef619e6862c955dd"
  name = "github.com/spf13/pflag"
  packages = ["."]
  pruneopts = "UT"
  revision = "2e9d26c8c37aae03e3f9d4e90b7116f5accb7cab"
  version = "v1.0.5"

[[projects]]
  branch = "master"
  digest = "1:5dbccac477f4980f8e6f7a0c547375d585a99513608298edc5d5cba7124ca122"
  name = "golang.org/x/crypto"
  packages = [
    "chacha20",
    "curve25519",
    "ed25519",
    "ed25519/internal/edwards25519",
    "internal/subtle",
    "poly1305",
    "ssh",
    "ssh/terminal",
  ]
  pruneopts = "UT"
  revision = "4f8c1d86b1ba699e7a66cd649947ed270a74e0bb"

[[projects]]
  branch = "master"
  digest = "1:5d393d0836c2dcadaf0366904306250e6166f60829a7a14b05087eb2e12e44f8"
  name = "golang.org/x/net"
  packages = [
    "context",
    "context/ctxhttp",
    "html",
    "html/atom",
    "html/charset",
    "http/httpguts",
    "http2",
    "http2/hpack",
    "idna",
    "internal/timeseries",
    "trace",
  ]
  pruneopts = "UT"
  revision = "fc4aabc6c91483155dade6fbb627cc953a723260"

[[projects]]
  branch = "master"
  digest = "1:8d1c112fb1679fa097e9a9255a786ee47383fa2549a3da71bcb1334a693ebcfe"
  name = "golang.org/x/oauth2"
  packages = [
    ".",
    "internal",
  ]
  pruneopts = "UT"
  revision = "0f29369cfe4552d0e4bcddc57cc75f4d7e672a33"

[[projects]]
  branch = "master"
  digest = "1:2ef5703c35424195af5131f185e2d73931c21f2726bc6572c5b01c36d82f2b68"
  name = "golang.org/x/sys"
  packages = [
    "cpu",
    "unix",
    "windows",
  ]
  pruneopts = "UT"
  revision = "f068ffe820e46336f56dfca7777430582d6e507b"

[[projects]]
  digest = "1:28deae5fe892797ff37a317b5bcda96d11d1c90dadd89f1337651df3bc4c586e"
  name = "golang.org/x/text"
  packages = [
    "collate",
    "collate/build",
    "encoding",
    "encoding/charmap",
    "encoding/htmlindex",
    "encoding/internal",
    "encoding/internal/identifier",
    "encoding/japanese",
    "encoding/korean",
    "encoding/simplifiedchinese",
    "encoding/traditionalchinese",
    "encoding/unicode",
    "internal/colltab",
    "internal/gen",
    "internal/language",
    "internal/language/compact",
    "internal/tag",
    "internal/triegen",
    "internal/ucd",
    "internal/utf8internal",
    "language",
    "runes",
    "secure/bidirule",
    "transform",
    "unicode/bidi",
    "unicode/cldr",
    "unicode/norm",
    "unicode/rangetable",
  ]
  pruneopts = "UT"
  revision = "342b2e1fbaa52c93f31447ad2c6abc048c63e475"
  version = "v0.3.2"

[[projects]]
  branch = "master"
  digest = "1:a2f668c709f9078828e99cb1768cb02e876cb81030545046a32b54b2ac2a9ea8"
  name = "golang.org/x/time"
  packages = ["rate"]
  pruneopts = "UT"
  revision = "555d28b269f0569763d25dbe1a237ae74c6bcc82"

[[projects]]
  digest = "1:e0a1881f9e0564bebdeac98c75e59f07acdde6ed3a5396e0e613eaad31194866"
  name = "google.golang.org/appengine"
  packages = [
    "internal",
    "internal/base",
    "internal/datastore",
    "internal/log",
    "internal/remote_api",
    "internal/urlfetch",
    "urlfetch",
  ]
  pruneopts = "UT"
  revision = "971852bfffca25b069c31162ae8f247a3dba083b"
  version = "v1.6.5"

[[projects]]
  branch = "master"
  digest = "1:a910255c3b706b4d8f2b185ed6b40c8f31b805111be240def2bdf2c62b87591b"
  name = "google.golang.org/genproto"
  packages = [
    "googleapis/rpc/errdetails",
    "googleapis/rpc/status",
  ]
  pruneopts = "UT"
  revision = "83cc0476cb11ea0da33dacd4c6354ab192de6fe6"

[[projects]]
  digest = "1:efc1bb21e57b09c4e8f2d01222e1e064c145a4d264662760a9d9fd1b70bc5421"
  name = "google.golang.org/grpc"
  packages = [
    ".",
    "backoff",
    "balancer",
    "balancer/base",
    "balancer/roundrobin",
    "binarylog/grpc_binarylog_v1",
    "codes",
    "connectivity",
    "credentials",
    "credentials/internal",
    "encoding",
    "encoding/proto",
    "grpclog",
    "internal",
    "internal/backoff",
    "internal/balancerload",
    "internal/binarylog",
    "internal/buffer",
    "internal/channelz",
    "internal/envconfig",
    "internal/grpcrand",
    "internal/grpcsync",
    "internal/resolver/dns",
    "internal/resolver/passthrough",
    "internal/syscall",
    "internal/transport",
    "keepalive",
    "metadata",
    "naming",
    "peer",
    "reflection",
    "reflection/grpc_reflection_v1alpha",
    "resolver",
    "serviceconfig",
    "stats",
    "status",
    "tap",
    "test/bufconn",
  ]
  pruneopts = "UT"
  revision = "1a3960e4bd028ac0cec0a2afd27d7d8e67c11514"
  version = "v1.25.1"

[[projects]]
  digest = "1:abeb38ade3f32a92943e5be54f55ed6d6e3b6602761d74b4aab4c9dd45c18abd"
  name = "gopkg.in/fsnotify.v1"
  packages = ["."]
  pruneopts = "UT"
  revision = "c2828203cd70a50dcccfb2761f8b1f8ceef9a8e9"
  source = "https://github.com/fsnotify/fsnotify/archive/v1.4.7.tar.gz"
  version = "v1.4.7"

[[projects]]
  digest = "1:2d1fbdc6777e5408cabeb02bf336305e724b925ff4546ded0fa8715a7267922a"
  name = "gopkg.in/inf.v0"
  packages = ["."]
  pruneopts = "UT"
  revision = "d2d2541c53f18d2a059457998ce2876cc8e67cbf"
  version = "v0.9.1"

[[projects]]
  branch = "v1"
  digest = "1:0caa92e17bc0b65a98c63e5bc76a9e844cd5e56493f8fdbb28fad101a16254d9"
  name = "gopkg.in/tomb.v1"
  packages = ["."]
  pruneopts = "UT"
  revision = "dd632973f1e7218eb1089048e0798ec9ae7dceb8"

[[projects]]
  digest = "1:b75b3deb2bce8bc079e16bb2aecfe01eb80098f5650f9e93e5643ca8b7b73737"
  name = "gopkg.in/yaml.v2"
  packages = ["."]
  pruneopts = "UT"
  revision = "1f64d6156d11335c3f22d9330b0ad14fc1e789ce"
  version = "v2.2.7"

[[projects]]
  digest = "1:910ec974550174f4ca48b9f4a3caec16b693e584c3762dc726dc0dcf28f8e318"
  name = "k8s.io/api"
  packages = [
    "admissionregistration/v1alpha1",
    "admissionregistration/v1beta1",
    "apps/v1",
    "apps/v1beta1",
    "apps/v1beta2",
    "authentication/v1",
    "authentication/v1beta1",
    "authorization/v1",
    "authorization/v1beta1",
    "autoscaling/v1",
    "autoscaling/v2beta1",
    "autoscaling/v2beta2",
    "batch/v1",
    "batch/v1beta1",
    "batch/v2alpha1",
    "certificates/v1beta1",
    "coordination/v1beta1",
    "core/v1",
    "events/v1beta1",
    "extensions/v1beta1",
    "networking/v1",
    "policy/v1beta1",
    "rbac/v1",
    "rbac/v1alpha1",
    "rbac/v1beta1",
    "scheduling/v1alpha1",
    "scheduling/v1beta1",
    "settings/v1alpha1",
    "storage/v1",
    "storage/v1alpha1",
    "storage/v1beta1",
  ]
  pruneopts = "UT"
  revision = "fd83cbc87e7632ccd8bbab63d2b673d4e0c631cc"
  version = "kubernetes-1.12.0"

[[projects]]
  digest = "1:18f352651d6e8578fdbaf29c68334b042439b288b8ae4112c2b2ba9a6e35ced0"
  name = "k8s.io/apimachinery"
  packages = [
    "pkg/api/errors",
    "pkg/api/meta",
    "pkg/api/resource",
    "pkg/apis/meta/v1",
    "pkg/apis/meta/v1/unstructured",
    "pkg/apis/meta/v1beta1",
    "pkg/conversion",
    "pkg/conversion/queryparams",
    "pkg/fields",
    "pkg/labels",
    "pkg/runtime",
    "pkg/runtime/schema",
    "pkg/runtime/serializer",
    "pkg/runtime/serializer/json",
    "pkg/runtime/serializer/protobuf",
    "pkg/runtime/serializer/recognizer",
    "pkg/runtime/serializer/streaming",
    "pkg/runtime/serializer/versioning",
    "pkg/selection",
    "pkg/types",
    "pkg/util/clock",
    "pkg/util/errors",
    "pkg/util/framer",
    "pkg/util/intstr",
    "pkg/util/json",
    "pkg/util/naming",
    "pkg/util/net",
    "pkg/util/runtime",
    "pkg/util/sets",
    "pkg/util/validation",
    "pkg/util/validation/field",
    "pkg/util/yaml",
    "pkg/version",
    "pkg/watch",
    "third_party/forked/golang/reflect",
  ]
  pruneopts = "UT"
  revision = "6dd46049f39503a1fc8d65de4bd566829e95faff"
  version = "kubernetes-1.12.0"

[[projects]]
  digest = "1:b20a67080678c52a06baf1c6568d2abfbcb777f3f388d0fc010eff960740bf73"
  name = "k8s.io/client-go"
  packages = [
    "discovery",
    "dynamic",
    "kubernetes",
    "kubernetes/scheme",
    "kubernetes/typed/admissionregistration/v1alpha1",
    "kubernetes/typed/admissionregistration/v1beta1",
    "kubernetes/typed/apps/v1",
    "kubernetes/typed/apps/v1beta1",
    "kubernetes/typed/apps/v1beta2",
    "kubernetes/typed/authentication/v1",
    "kubernetes/typed/authentication/v1beta1",
    "kubernetes/typed/authorization/v1",
    "kubernetes/typed/authorization/v1beta1",
    "kubernetes/typed/autoscaling/v1",
    "kubernetes/typed/autoscaling/v2beta1",
    "kubernetes/typed/autoscaling/v2beta2",
    "kubernetes/typed/batch/v1",
    "kubernetes/typed/batch/v1beta1",
    "kubernetes/typed/batch/v2alpha1",
    "kubernetes/typed/certificates/v1beta1",
    "kubernetes/typed/coordination/v1beta1",
    "kubernetes/typed/core/v1",
    "kubernetes/typed/events/v1beta1",
    "kubernetes/typed/extensions/v1beta1",
    "kubernetes/typed/networking/v1",
    "kubernetes/typed/policy/v1beta1",
    "kubernetes/typed/rbac/v1",
    "kubernetes/typed/rbac/v1alpha1",
    "kubernetes/typed/rbac/v1beta1",
    "kubernetes/typed/scheduling/v1alpha1",
    "kubernetes/typed/scheduling/v1beta1",
    "kubernetes/typed/settings/v1alpha1",
    "kubernetes/typed/storage/v1",
    "kubernetes/typed/storage/v1alpha1",
    "kubernetes/typed/storage/v1beta1",
    "pkg/apis/clientauthentication",
    "pkg/apis/clientauthentication/v1alpha1",
    "pkg/apis/clientauthentication/v1beta1",
    "pkg/version",
    "plugin/pkg/client/auth/exec",
    "rest",
    "rest/watch",
    "restmapper",
    "tools/auth",
    "tools/clientcmd",
    "tools/clientcmd/api",
    "tools/clientcmd/api/latest",
    "tools/clientcmd/api/v1",
    "tools/metrics",
    "tools/reference",
    "transport",
    "util/cert",
    "util/connrotation",
    "util/flowcontrol",
    "util/homedir",
    "util/integer",
  ]
  pruneopts = "UT"
  revision = "1638f8970cefaa404ff3a62950f88b08292b2696"
  version = "v9.0.0"

[solve-meta]
  analyzer-name = "dep"
  analyzer-version = 1
  input-imports = [
    "github.com/nalej/derrors",
    "github.com/nalej/grpc-common-go",
    "github.com/nalej/grpc-infrastructure-go",
    "github.com/nalej/grpc-installer-go",
    "github.com/nalej/grpc-organization-go",
    "github.com/nalej/grpc-user-manager-go",
    "github.com/nalej/grpc-utils/pkg/conversions",
    "github.com/nalej/grpc-utils/pkg/test",
    "github.com/onsi/ginkgo",
    "github.com/onsi/gomega",
    "github.com/rs/zerolog",
    "github.com/rs/zerolog/log",
    "github.com/satori/go.uuid",
    "github.com/spf13/cobra",
    "golang.org/x/crypto/ssh",
    "google.golang.org/grpc",
    "google.golang.org/grpc/reflection",
    "google.golang.org/grpc/test/bufconn",
    "gopkg.in/yaml.v2",
    "k8s.io/api/apps/v1",
    "k8s.io/api/core/v1",
    "k8s.io/api/extensions/v1beta1",
    "k8s.io/api/rbac/v1",
    "k8s.io/apimachinery/pkg/api/resource",
    "k8s.io/apimachinery/pkg/apis/meta/v1",
    "k8s.io/apimachinery/pkg/apis/meta/v1/unstructured",
    "k8s.io/apimachinery/pkg/runtime",
    "k8s.io/apimachinery/pkg/runtime/schema",
    "k8s.io/apimachinery/pkg/util/intstr",
    "k8s.io/apimachinery/pkg/util/yaml",
    "k8s.io/client-go/discovery",
    "k8s.io/client-go/dynamic",
    "k8s.io/client-go/kubernetes",
    "k8s.io/client-go/kubernetes/scheme",
    "k8s.io/client-go/restmapper",
    "k8s.io/client-go/tools/clientcmd",
  ]
  solver-name = "gps-cdcl"
  solver-version = 1
